
Microsoft Visual Studio Solution File, Format Version 12.00
# Visual Studio 15
VisualStudioVersion = 15.0.26124.0
MinimumVisualStudioVersion = 15.0.26124.0
Project("{F2A71F9B-5D33-465A-A702-920D77279786}") = "TakensTheorem.Core", "TakensTheorem.Core\TakensTheorem.Core.fsproj", "{AB5B6A3A-3A4D-4B4A-BD5B-1B340EE0BA3A}"
EndProject
Project("{F2A71F9B-5D33-465A-A702-920D77279786}") = "TakensTheorem.Test", "TakensTheorem.Test\TakensTheorem.Test.fsproj", "{4B744E9A-D926-4D37-981D-C43EF762F2EE}"
EndProject
Project("{F2A71F9B-5D33-465A-A702-920D77279786}") = "TakensTheorem.Sample", "TakensTheorem.Sample\TakensTheorem.Sample.fsproj", "{08207974-736B-4456-8EB8-A4975B93BCFD}"
EndProject
Global
	GlobalSection(SolutionConfigurationPlatforms) = preSolution
		Debug|Any CPU = Debug|Any CPU
		Debug|x64 = Debug|x64
		Debug|x86 = Debug|x86
		Release|Any CPU = Release|Any CPU
		Release|x64 = Release|x64
		Release|x86 = Release|x86
	EndGlobalSection
	GlobalSection(SolutionProperties) = preSolution
		HideSolutionNode = FALSE
	EndGlobalSection
	GlobalSection(ProjectConfigurationPlatforms) = postSolution
		{AB5B6A3A-3A4D-4B4A-BD5B-1B340EE0BA3A}.Debug|Any CPU.ActiveCfg = Debug|Any CPU
		{AB5B6A3A-3A4D-4B4A-BD5B-1B340EE0BA3A}.Debug|Any CPU.Build.0 = Debug|Any CPU
		{AB5B6A3A-3A4D-4B4A-BD5B-1B340EE0BA3A}.Debug|x64.ActiveCfg = Debug|Any CPU
		{AB5B6A3A-3A4D-4B4A-BD5B-1B340EE0BA3A}.Debug|x64.Build.0 = Debug|Any CPU
		{AB5B6A3A-3A4D-4B4A-BD5B-1B340EE0BA3A}.Debug|x86.ActiveCfg = Debug|Any CPU
		{AB5B6A3A-3A4D-4B4A-BD5B-1B340EE0BA3A}.Debug|x86.Build.0 = Debug|Any CPU
		{AB5B6A3A-3A4D-4B4A-BD5B-1B340EE0BA3A}.Release|Any CPU.ActiveCfg = Release|Any CPU
		{AB5B6A3A-3A4D-4B4A-BD5B-1B340EE0BA3A}.Release|Any CPU.Build.0 = Release|Any CPU
		{AB5B6A3A-3A4D-4B4A-BD5B-1B340EE0BA3A}.Release|x64.ActiveCfg = Release|Any CPU
		{AB5B6A3A-3A4D-4B4A-BD5B-1B340EE0BA3A}.Release|x64.Build.0 = Release|Any CPU
		{AB5B6A3A-3A4D-4B4A-BD5B-1B340EE0BA3A}.Release|x86.ActiveCfg = Release|Any CPU
		{AB5B6A3A-3A4D-4B4A-BD5B-1B340EE0BA3A}.Release|x86.Build.0 = Release|Any CPU
		{4B744E9A-D926-4D37-981D-C43EF762F2EE}.Debug|Any CPU.ActiveCfg = Debug|Any CPU
		{4B744E9A-D926-4D37-981D-C43EF762F2EE}.Debug|Any CPU.Build.0 = Debug|Any CPU
		{4B744E9A-D926-4D37-981D-C43EF762F2EE}.Debug|x64.ActiveCfg = Debug|Any CPU
		{4B744E9A-D926-4D37-981D-C43EF762F2EE}.Debug|x64.Build.0 = Debug|Any CPU
		{4B744E9A-D926-4D37-981D-C43EF762F2EE}.Debug|x86.ActiveCfg = Debug|Any CPU
		{4B744E9A-D926-4D37-981D-C43EF762F2EE}.Debug|x86.Build.0 = Debug|Any CPU
		{4B744E9A-D926-4D37-981D-C43EF762F2EE}.Release|Any CPU.ActiveCfg = Release|Any CPU
		{4B744E9A-D926-4D37-981D-C43EF762F2EE}.Release|Any CPU.Build.0 = Release|Any CPU
		{4B744E9A-D926-4D37-981D-C43EF762F2EE}.Release|x64.ActiveCfg = Release|Any CPU
		{4B744E9A-D926-4D37-981D-C43EF762F2EE}.Release|x64.Build.0 = Release|Any CPU
		{4B744E9A-D926-4D37-981D-C43EF762F2EE}.Release|x86.ActiveCfg = Release|Any CPU
		{4B744E9A-D926-4D37-981D-C43EF762F2EE}.Release|x86.Build.0 = Release|Any CPU
		{08207974-736B-4456-8EB8-A4975B93BCFD}.Debug|Any CPU.ActiveCfg = Debug|Any CPU
		{08207974-736B-4456-8EB8-A4975B93BCFD}.Debug|Any CPU.Build.0 = Debug|Any CPU
		{08207974-736B-4456-8EB8-A4975B93BCFD}.Debug|x64.ActiveCfg = Debug|Any CPU
		{08207974-736B-4456-8EB8-A4975B93BCFD}.Debug|x64.Build.0 = Debug|Any CPU
		{08207974-736B-4456-8EB8-A4975B93BCFD}.Debug|x86.ActiveCfg = Debug|Any CPU
		{08207974-736B-4456-8EB8-A4975B93BCFD}.Debug|x86.Build.0 = Debug|Any CPU
		{08207974-736B-4456-8EB8-A4975B93BCFD}.Release|Any CPU.ActiveCfg = Release|Any CPU
		{08207974-736B-4456-8EB8-A4975B93BCFD}.Release|Any CPU.Build.0 = Release|Any CPU
		{08207974-736B-4456-8EB8-A4975B93BCFD}.Release|x64.ActiveCfg = Release|Any CPU
		{08207974-736B-4456-8EB8-A4975B93BCFD}.Release|x64.Build.0 = Release|Any CPU
		{08207974-736B-4456-8EB8-A4975B93BCFD}.Release|x86.ActiveCfg = Release|Any CPU
		{08207974-736B-4456-8EB8-A4975B93BCFD}.Release|x86.Build.0 = Release|Any CPU
	EndGlobalSection
EndGlobal
